
Microsoft Visual Studio Solution File, Format Version 12.00
# Visual Studio Version 17
VisualStudioVersion = 17.7.34031.279
MinimumVisualStudioVersion = 10.0.40219.1
Project("{888888A0-9F3D-457C-B088-3A5042F75D52}") = "Diss", "Diss\Diss.pyproj", "{D96E31E3-0D06-49CE-B7D2-F142419AE827}"
EndProject
Global
	GlobalSection(SolutionConfigurationPlatforms) = preSolution
		Debug|Any CPU = Debug|Any CPU
		Release|Any CPU = Release|Any CPU
	EndGlobalSection
	GlobalSection(ProjectConfigurationPlatforms) = postSolution
		{D96E31E3-0D06-49CE-B7D2-F142419AE827}.Debug|Any CPU.ActiveCfg = Debug|Any CPU
		{D96E31E3-0D06-49CE-B7D2-F142419AE827}.Release|Any CPU.ActiveCfg = Release|Any CPU
	EndGlobalSection
	GlobalSection(SolutionProperties) = preSolution
		HideSolutionNode = FALSE
	EndGlobalSection
	GlobalSection(ExtensibilityGlobals) = postSolution
		SolutionGuid = {5740E697-80EC-48AD-9640-060F10E7CDA7}
	EndGlobalSection
EndGlobal
